// !$*UTF8*$!
{
	archiveVersion = 1;
	classes = {
	};
	objectVersion = 46;
	objects = {

/* Begin PBXBuildFile section */
		780D82EC1B24E07D0004BA38 /* Locations.plist in Resources */ = {isa = PBXBuildFile; fileRef = 780D82EB1B24E07D0004BA38 /* Locations.plist */; };
		783D33181B37AC85001183DC /* DetailViewController.swift in Sources */ = {isa = PBXBuildFile; fileRef = 783D33171B37AC85001183DC /* DetailViewController.swift */; };
		7850129A1B244076007742B9 /* WaterSource.swift in Sources */ = {isa = PBXBuildFile; fileRef = 785012991B244076007742B9 /* WaterSource.swift */; };
		787349481B1BA72C00F39D4F /* LocMapViewController.swift in Sources */ = {isa = PBXBuildFile; fileRef = 787349471B1BA72C00F39D4F /* LocMapViewController.swift */; };
		789593BD1AF0F99000BE3B67 /* AppDelegate.swift in Sources */ = {isa = PBXBuildFile; fileRef = 789593BC1AF0F99000BE3B67 /* AppDelegate.swift */; };
		789593C21AF0F99000BE3B67 /* Main.storyboard in Resources */ = {isa = PBXBuildFile; fileRef = 789593C01AF0F99000BE3B67 /* Main.storyboard */; };
		789593C41AF0F99000BE3B67 /* Images.xcassets in Resources */ = {isa = PBXBuildFile; fileRef = 789593C31AF0F99000BE3B67 /* Images.xcassets */; };
		789593C71AF0F99000BE3B67 /* LaunchScreen.xib in Resources */ = {isa = PBXBuildFile; fileRef = 789593C51AF0F99000BE3B67 /* LaunchScreen.xib */; };
		789593D31AF0F99000BE3B67 /* MapSampleTests.swift in Sources */ = {isa = PBXBuildFile; fileRef = 789593D21AF0F99000BE3B67 /* MapSampleTests.swift */; };
		789593DD1AF0F9B700BE3B67 /* MapKit.framework in Frameworks */ = {isa = PBXBuildFile; fileRef = 789593DC1AF0F9B700BE3B67 /* MapKit.framework */; };
/* End PBXBuildFile section */

/* Begin PBXContainerItemProxy section */
		789593CD1AF0F99000BE3B67 /* PBXContainerItemProxy */ = {
			isa = PBXContainerItemProxy;
			containerPortal = 789593AF1AF0F99000BE3B67 /* Project object */;
			proxyType = 1;
			remoteGlobalIDString = 789593B61AF0F99000BE3B67;
			remoteInfo = MapSample;
		};
/* End PBXContainerItemProxy section */

/* Begin PBXFileReference section */
		780D82EB1B24E07D0004BA38 /* Locations.plist */ = {isa = PBXFileReference; fileEncoding = 4; lastKnownFileType = text.plist.xml; path = Locations.plist; sourceTree = "<group>"; };
		783D33171B37AC85001183DC /* DetailViewController.swift */ = {isa = PBXFileReference; fileEncoding = 4; lastKnownFileType = sourcecode.swift; path = DetailViewController.swift; sourceTree = "<group>"; };
		785012991B244076007742B9 /* WaterSource.swift */ = {isa = PBXFileReference; fileEncoding = 4; lastKnownFileType = sourcecode.swift; path = WaterSource.swift; sourceTree = "<group>"; };
		787349471B1BA72C00F39D4F /* LocMapViewController.swift */ = {isa = PBXFileReference; fileEncoding = 4; lastKnownFileType = sourcecode.swift; path = LocMapViewController.swift; sourceTree = "<group>"; };
		789593B71AF0F99000BE3B67 /* MapSample.app */ = {isa = PBXFileReference; explicitFileType = wrapper.application; includeInIndex = 0; path = MapSample.app; sourceTree = BUILT_PRODUCTS_DIR; };
		789593BB1AF0F99000BE3B67 /* Info.plist */ = {isa = PBXFileReference; lastKnownFileType = text.plist.xml; path = Info.plist; sourceTree = "<group>"; };
		789593BC1AF0F99000BE3B67 /* AppDelegate.swift */ = {isa = PBXFileReference; lastKnownFileType = sourcecode.swift; path = AppDelegate.swift; sourceTree = "<group>"; };
		789593C11AF0F99000BE3B67 /* Base */ = {isa = PBXFileReference; lastKnownFileType = file.storyboard; name = Base; path = Base.lproj/Main.storyboard; sourceTree = "<group>"; };
		789593C31AF0F99000BE3B67 /* Images.xcassets */ = {isa = PBXFileReference; lastKnownFileType = folder.assetcatalog; path = Images.xcassets; sourceTree = "<group>"; };
		789593C61AF0F99000BE3B67 /* Base */ = {isa = PBXFileReference; lastKnownFileType = file.xib; name = Base; path = Base.lproj/LaunchScreen.xib; sourceTree = "<group>"; };
		789593CC1AF0F99000BE3B67 /* MapSampleTests.xctest */ = {isa = PBXFileReference; explicitFileType = wrapper.cfbundle; includeInIndex = 0; path = MapSampleTests.xctest; sourceTree = BUILT_PRODUCTS_DIR; };
		789593D11AF0F99000BE3B67 /* Info.plist */ = {isa = PBXFileReference; lastKnownFileType = text.plist.xml; path = Info.plist; sourceTree = "<group>"; };
		789593D21AF0F99000BE3B67 /* MapSampleTests.swift */ = {isa = PBXFileReference; lastKnownFileType = sourcecode.swift; path = MapSampleTests.swift; sourceTree = "<group>"; };
		789593DC1AF0F9B700BE3B67 /* MapKit.framework */ = {isa = PBXFileReference; lastKnownFileType = wrapper.framework; name = MapKit.framework; path = System/Library/Frameworks/MapKit.framework; sourceTree = SDKROOT; };
/* End PBXFileReference section */

/* Begin PBXFrameworksBuildPhase section */
		789593B41AF0F99000BE3B67 /* Frameworks */ = {
			isa = PBXFrameworksBuildPhase;
			buildActionMask = 2147483647;
			files = (
				789593DD1AF0F9B700BE3B67 /* MapKit.framework in Frameworks */,
			);
			runOnlyForDeploymentPostprocessing = 0;
		};
		789593C91AF0F99000BE3B67 /* Frameworks */ = {
			isa = PBXFrameworksBuildPhase;
			buildActionMask = 2147483647;
			files = (
			);
			runOnlyForDeploymentPostprocessing = 0;
		};
/* End PBXFrameworksBuildPhase section */

/* Begin PBXGroup section */
		789593AE1AF0F99000BE3B67 = {
			isa = PBXGroup;
			children = (
				789593DC1AF0F9B700BE3B67 /* MapKit.framework */,
				789593B91AF0F99000BE3B67 /* MapSample */,
				789593CF1AF0F99000BE3B67 /* MapSampleTests */,
				789593B81AF0F99000BE3B67 /* Products */,
			);
			sourceTree = "<group>";
		};
		789593B81AF0F99000BE3B67 /* Products */ = {
			isa = PBXGroup;
			children = (
				789593B71AF0F99000BE3B67 /* MapSample.app */,
				789593CC1AF0F99000BE3B67 /* MapSampleTests.xctest */,
			);
			name = Products;
			sourceTree = "<group>";
		};
		789593B91AF0F99000BE3B67 /* MapSample */ = {
			isa = PBXGroup;
			children = (
				789593BC1AF0F99000BE3B67 /* AppDelegate.swift */,
				789593C01AF0F99000BE3B67 /* Main.storyboard */,
				783D33171B37AC85001183DC /* DetailViewController.swift */,
				785012991B244076007742B9 /* WaterSource.swift */,
				787349471B1BA72C00F39D4F /* LocMapViewController.swift */,
				789593C31AF0F99000BE3B67 /* Images.xcassets */,
				789593C51AF0F99000BE3B67 /* LaunchScreen.xib */,
				789593BA1AF0F99000BE3B67 /* Supporting Files */,
			);
			path = MapSample;
			sourceTree = "<group>";
		};
		789593BA1AF0F99000BE3B67 /* Supporting Files */ = {
			isa = PBXGroup;
			children = (
				789593BB1AF0F99000BE3B67 /* Info.plist */,
				780D82EB1B24E07D0004BA38 /* Locations.plist */,
			);
			name = "Supporting Files";
			sourceTree = "<group>";
		};
		789593CF1AF0F99000BE3B67 /* MapSampleTests */ = {
			isa = PBXGroup;
			children = (
				789593D21AF0F99000BE3B67 /* MapSampleTests.swift */,
				789593D01AF0F99000BE3B67 /* Supporting Files */,
			);
			path = MapSampleTests;
			sourceTree = "<group>";
		};
		789593D01AF0F99000BE3B67 /* Supporting Files */ = {
			isa = PBXGroup;
			children = (
				789593D11AF0F99000BE3B67 /* Info.plist */,
			);
			name = "Supporting Files";
			sourceTree = "<group>";
		};
/* End PBXGroup section */

/* Begin PBXNativeTarget section */
		789593B61AF0F99000BE3B67 /* MapSample */ = {
			isa = PBXNativeTarget;
			buildConfigurationList = 789593D61AF0F99000BE3B67 /* Build configuration list for PBXNativeTarget "MapSample" */;
			buildPhases = (
				789593B31AF0F99000BE3B67 /* Sources */,
				789593B41AF0F99000BE3B67 /* Frameworks */,
				789593B51AF0F99000BE3B67 /* Resources */,
			);
			buildRules = (
			);
			dependencies = (
			);
			name = MapSample;
			productName = MapSample;
			productReference = 789593B71AF0F99000BE3B67 /* MapSample.app */;
			productType = "com.apple.product-type.application";
		};
		789593CB1AF0F99000BE3B67 /* MapSampleTests */ = {
			isa = PBXNativeTarget;
			buildConfigurationList = 789593D91AF0F99000BE3B67 /* Build configuration list for PBXNativeTarget "MapSampleTests" */;
			buildPhases = (
				789593C81AF0F99000BE3B67 /* Sources */,
				789593C91AF0F99000BE3B67 /* Frameworks */,
				789593CA1AF0F99000BE3B67 /* Resources */,
			);
			buildRules = (
			);
			dependencies = (
				789593CE1AF0F99000BE3B67 /* PBXTargetDependency */,
			);
			name = MapSampleTests;
			productName = MapSampleTests;
			productReference = 789593CC1AF0F99000BE3B67 /* MapSampleTests.xctest */;
			productType = "com.apple.product-type.bundle.unit-test";
		};
/* End PBXNativeTarget section */

/* Begin PBXProject section */
		789593AF1AF0F99000BE3B67 /* Project object */ = {
			isa = PBXProject;
			attributes = {
				LastUpgradeCheck = 0630;
				ORGANIZATIONNAME = "Alexis Saint-Jean";
				TargetAttributes = {
					789593B61AF0F99000BE3B67 = {
						CreatedOnToolsVersion = 6.3;
						SystemCapabilities = {
							com.apple.Maps.iOS = {
								enabled = 1;
							};
						};
					};
					789593CB1AF0F99000BE3B67 = {
						CreatedOnToolsVersion = 6.3;
						TestTargetID = 789593B61AF0F99000BE3B67;
					};
				};
			};
			buildConfigurationList = 789593B21AF0F99000BE3B67 /* Build configuration list for PBXProject "MapSample" */;
			compatibilityVersion = "Xcode 3.2";
			developmentRegion = English;
			hasScannedForEncodings = 0;
			knownRegions = (
				en,
				Base,
			);
			mainGroup = 789593AE1AF0F99000BE3B67;
			productRefGroup = 789593B81AF0F99000BE3B67 /* Products */;
			projectDirPath = "";
			projectRoot = "";
			targets = (
				789593B61AF0F99000BE3B67 /* MapSample */,
				789593CB1AF0F99000BE3B67 /* MapSampleTests */,
			);
		};
/* End PBXProject section */

/* Begin PBXResourcesBuildPhase section */
		789593B51AF0F99000BE3B67 /* Resources */ = {
			isa = PBXResourcesBuildPhase;
			buildActionMask = 2147483647;
			files = (
				789593C21AF0F99000BE3B67 /* Main.storyboard in Resources */,
				780D82EC1B24E07D0004BA38 /* Locations.plist in Resources */,
				789593C71AF0F99000BE3B67 /* LaunchScreen.xib in Resources */,
				789593C41AF0F99000BE3B67 /* Images.xcassets in Resources */,
			);
			runOnlyForDeploymentPostprocessing = 0;
		};
		789593CA1AF0F99000BE3B67 /* Resources */ = {
			isa = PBXResourcesBuildPhase;
			buildActionMask = 2147483647;
			files = (
			);
			runOnlyForDeploymentPostprocessing = 0;
		};
/* End PBXResourcesBuildPhase section */

/* Begin PBXSourcesBuildPhase section */
		789593B31AF0F99000BE3B67 /* Sources */ = {
			isa = PBXSourcesBuildPhase;
			buildActionMask = 2147483647;
			files = (
				7850129A1B244076007742B9 /* WaterSource.swift in Sources */,
				787349481B1BA72C00F39D4F /* LocMapViewController.swift in Sources */,
				783D33181B37AC85001183DC /* DetailViewController.swift in Sources */,
				789593BD1AF0F99000BE3B67 /* AppDelegate.swift in Sources */,
			);
			runOnlyForDeploymentPostprocessing = 0;
		};
		789593C81AF0F99000BE3B67 /* Sources */ = {
			isa = PBXSourcesBuildPhase;
			buildActionMask = 2147483647;
			files = (
				789593D31AF0F99000BE3B67 /* MapSampleTests.swift in Sources */,
			);
			runOnlyForDeploymentPostprocessing = 0;
		};
/* End PBXSourcesBuildPhase section */

/* Begin PBXTargetDependency section */
		789593CE1AF0F99000BE3B67 /* PBXTargetDependency */ = {
			isa = PBXTargetDependency;
			target = 789593B61AF0F99000BE3B67 /* MapSample */;
			targetProxy = 789593CD1AF0F99000BE3B67 /* PBXContainerItemProxy */;
		};
/* End PBXTargetDependency section */

/* Begin PBXVariantGroup section */
		789593C01AF0F99000BE3B67 /* Main.storyboard */ = {
			isa = PBXVariantGroup;
			children = (
				789593C11AF0F99000BE3B67 /* Base */,
			);
			name = Main.storyboard;
			sourceTree = "<group>";
		};
		789593C51AF0F99000BE3B67 /* LaunchScreen.xib */ = {
			isa = PBXVariantGroup;
			children = (
				789593C61AF0F99000BE3B67 /* Base */,
			);
			name = LaunchScreen.xib;
			sourceTree = "<group>";
		};
/* End PBXVariantGroup section */

/* Begin XCBuildConfiguration section */
		789593D41AF0F99000BE3B67 /* Debug */ = {
			isa = XCBuildConfiguration;
			buildSettings = {
				ALWAYS_SEARCH_USER_PATHS = NO;
				CLANG_CXX_LANGUAGE_STANDARD = "gnu++0x";
				CLANG_CXX_LIBRARY = "libc++";
				CLANG_ENABLE_MODULES = YES;
				CLANG_ENABLE_OBJC_ARC = YES;
				CLANG_WARN_BOOL_CONVERSION = YES;
				CLANG_WARN_CONSTANT_CONVERSION = YES;
				CLANG_WARN_DIRECT_OBJC_ISA_USAGE = YES_ERROR;
				CLANG_WARN_EMPTY_BODY = YES;
				CLANG_WARN_ENUM_CONVERSION = YES;
				CLANG_WARN_INT_CONVERSION = YES;
				CLANG_WARN_OBJC_ROOT_CLASS = YES_ERROR;
				CLANG_WARN_UNREACHABLE_CODE = YES;
				CLANG_WARN__DUPLICATE_METHOD_MATCH = YES;
				"CODE_SIGN_IDENTITY[sdk=iphoneos*]" = "iPhone Developer";
				COPY_PHASE_STRIP = NO;
				DEBUG_INFORMATION_FORMAT = "dwarf-with-dsym";
				ENABLE_STRICT_OBJC_MSGSEND = YES;
				GCC_C_LANGUAGE_STANDARD = gnu99;
				GCC_DYNAMIC_NO_PIC = NO;
				GCC_NO_COMMON_BLOCKS = YES;
				GCC_OPTIMIZATION_LEVEL = 0;
				GCC_PREPROCESSOR_DEFINITIONS = (
					"DEBUG=1",
					"$(inherited)",
				);
				GCC_SYMBOLS_PRIVATE_EXTERN = NO;
				GCC_WARN_64_TO_32_BIT_CONVERSION = YES;
				GCC_WARN_ABOUT_RETURN_TYPE = YES_ERROR;
				GCC_WARN_UNDECLARED_SELECTOR = YES;
				GCC_WARN_UNINITIALIZED_AUTOS = YES_AGGRESSIVE;
				GCC_WARN_UNUSED_FUNCTION = YES;
				GCC_WARN_UNUSED_VARIABLE = YES;
				IPHONEOS_DEPLOYMENT_TARGET = 8.3;
				MTL_ENABLE_DEBUG_INFO = YES;
				ONLY_ACTIVE_ARCH = YES;
				SDKROOT = iphoneos;
				SWIFT_OPTIMIZATION_LEVEL = "-Onone";
			};
			name = Debug;
		};
		789593D51AF0F99000BE3B67 /* Release */ = {
			isa = XCBuildConfiguration;
			buildSettings = {
				ALWAYS_SEARCH_USER_PATHS = NO;
				CLANG_CXX_LANGUAGE_STANDARD = "gnu++0x";
				CLANG_CXX_LIBRARY = "libc++";
				CLANG_ENABLE_MODULES = YES;
				CLANG_ENABLE_OBJC_ARC = YES;
				CLANG_WARN_BOOL_CONVERSION = YES;
				CLANG_WARN_CONSTANT_CONVERSION = YES;
				CLANG_WARN_DIRECT_OBJC_ISA_USAGE = YES_ERROR;
				CLANG_WARN_EMPTY_BODY = YES;
				CLANG_WARN_ENUM_CONVERSION = YES;
				CLANG_WARN_INT_CONVERSION = YES;
				CLANG_WARN_OBJC_ROOT_CLASS = YES_ERROR;
				CLANG_WARN_UNREACHABLE_CODE = YES;
				CLANG_WARN__DUPLICATE_METHOD_MATCH = YES;
				"CODE_SIGN_IDENTITY[sdk=iphoneos*]" = "iPhone Developer";
				COPY_PHASE_STRIP = NO;
				DEBUG_INFORMATION_FORMAT = "dwarf-with-dsym";
				ENABLE_NS_ASSERTIONS = NO;
				ENABLE_STRICT_OBJC_MSGSEND = YES;
				GCC_C_LANGUAGE_STANDARD = gnu99;
				GCC_NO_COMMON_BLOCKS = YES;
				GCC_WARN_64_TO_32_BIT_CONVERSION = YES;
				GCC_WARN_ABOUT_RETURN_TYPE = YES_ERROR;
				GCC_WARN_UNDECLARED_SELECTOR = YES;
				GCC_WARN_UNINITIALIZED_AUTOS = YES_AGGRESSIVE;
				GCC_WARN_UNUSED_FUNCTION = YES;
				GCC_WARN_UNUSED_VARIABLE = YES;
				IPHONEOS_DEPLOYMENT_TARGET = 8.3;
				MTL_ENABLE_DEBUG_INFO = NO;
				SDKROOT = iphoneos;
				VALIDATE_PRODUCT = YES;
			};
			name = Release;
		};
		789593D71AF0F99000BE3B67 /* Debug */ = {
			isa = XCBuildConfiguration;
			buildSettings = {
				ASSETCATALOG_COMPILER_APPICON_NAME = AppIcon;
				CODE_SIGN_IDENTITY = "iPhone Developer: Alexis Saint-Jean (4GG45ZTPGA)";
				INFOPLIST_FILE = MapSample/Info.plist;
				LD_RUNPATH_SEARCH_PATHS = "$(inherited) @executable_path/Frameworks";
				PRODUCT_NAME = "$(TARGET_NAME)";
				TARGETED_DEVICE_FAMILY = "1,2";
			};
			name = Debug;
		};
		789593D81AF0F99000BE3B67 /* Release */ = {
			isa = XCBuildConfiguration;
			buildSettings = {
				ASSETCATALOG_COMPILER_APPICON_NAME = AppIcon;
				CODE_SIGN_IDENTITY = "iPhone Developer: Alexis Saint-Jean (4GG45ZTPGA)";
				INFOPLIST_FILE = MapSample/Info.plist;
				LD_RUNPATH_SEARCH_PATHS = "$(inherited) @executable_path/Frameworks";
				PRODUCT_NAME = "$(TARGET_NAME)";
				TARGETED_DEVICE_FAMILY = "1,2";
			};
			name = Release;
		};
		789593DA1AF0F99000BE3B67 /* Debug */ = {
			isa = XCBuildConfiguration;
			buildSettings = {
				BUNDLE_LOADER = "$(TEST_HOST)";
				FRAMEWORK_SEARCH_PATHS = (
					"$(SDKROOT)/Developer/Library/Frameworks",
					"$(inherited)",
				);
				GCC_PREPROCESSOR_DEFINITIONS = (
					"DEBUG=1",
					"$(inherited)",
				);
				INFOPLIST_FILE = MapSampleTests/Info.plist;
				LD_RUNPATH_SEARCH_PATHS = "$(inherited) @executable_path/Frameworks @loader_path/Frameworks";
				PRODUCT_NAME = "$(TARGET_NAME)";
				TEST_HOST = "$(BUILT_PRODUCTS_DIR)/MapSample.app/MapSample";
			};
			name = Debug;
		};
		789593DB1AF0F99000BE3B67 /* Release */ = {
			isa = XCBuildConfiguration;
			buildSettings = {
				BUNDLE_LOADER = "$(TEST_HOST)";
				FRAMEWORK_SEARCH_PATHS = (
					"$(SDKROOT)/Developer/Library/Frameworks",
					"$(inherited)",
				);
				INFOPLIST_FILE = MapSampleTests/Info.plist;
				LD_RUNPATH_SEARCH_PATHS = "$(inherited) @executable_path/Frameworks @loader_path/Frameworks";
				PRODUCT_NAME = "$(TARGET_NAME)";
				TEST_HOST = "$(BUILT_PRODUCTS_DIR)/MapSample.app/MapSample";
			};
			name = Release;
		};
/* End XCBuildConfiguration section */

/* Begin XCConfigurationList section */
		789593B21AF0F99000BE3B67 /* Build configuration list for PBXProject "MapSample" */ = {
			isa = XCConfigurationList;
			buildConfigurations = (
				789593D41AF0F99000BE3B67 /* Debug */,
				789593D51AF0F99000BE3B67 /* Release */,
			);
			defaultConfigurationIsVisible = 0;
			defaultConfigurationName = Release;
		};
		789593D61AF0F99000BE3B67 /* Build configuration list for PBXNativeTarget "MapSample" */ = {
			isa = XCConfigurationList;
			buildConfigurations = (
				789593D71AF0F99000BE3B67 /* Debug */,
				789593D81AF0F99000BE3B67 /* Release */,
			);
			defaultConfigurationIsVisible = 0;
			defaultConfigurationName = Release;
		};
		789593D91AF0F99000BE3B67 /* Build configuration list for PBXNativeTarget "MapSampleTests" */ = {
			isa = XCConfigurationList;
			buildConfigurations = (
				789593DA1AF0F99000BE3B67 /* Debug */,
				789593DB1AF0F99000BE3B67 /* Release */,
			);
			defaultConfigurationIsVisible = 0;
			defaultConfigurationName = Release;
		};
/* End XCConfigurationList section */
	};
	rootObject = 789593AF1AF0F99000BE3B67 /* Project object */;
}
