// !$*UTF8*$!
{
	archiveVersion = 1;
	classes = {
	};
	objectVersion = 46;
	objects = {

/* Begin PBXBuildFile section */
		784683A01AF1AF0E00C3A917 /* AppDelegate.swift in Sources */ = {isa = PBXBuildFile; fileRef = 7846839F1AF1AF0E00C3A917 /* AppDelegate.swift */; };
		784683A31AF1AF0E00C3A917 /* WaterFinderApp.xcdatamodeld in Sources */ = {isa = PBXBuildFile; fileRef = 784683A11AF1AF0E00C3A917 /* WaterFinderApp.xcdatamodeld */; };
		784683A51AF1AF0E00C3A917 /* ViewController.swift in Sources */ = {isa = PBXBuildFile; fileRef = 784683A41AF1AF0E00C3A917 /* ViewController.swift */; };
		784683A81AF1AF0E00C3A917 /* Main.storyboard in Resources */ = {isa = PBXBuildFile; fileRef = 784683A61AF1AF0E00C3A917 /* Main.storyboard */; };
		784683AA1AF1AF0E00C3A917 /* Images.xcassets in Resources */ = {isa = PBXBuildFile; fileRef = 784683A91AF1AF0E00C3A917 /* Images.xcassets */; };
		784683AD1AF1AF0E00C3A917 /* LaunchScreen.xib in Resources */ = {isa = PBXBuildFile; fileRef = 784683AB1AF1AF0E00C3A917 /* LaunchScreen.xib */; };
		784683B91AF1AF0E00C3A917 /* WaterFinderAppTests.swift in Sources */ = {isa = PBXBuildFile; fileRef = 784683B81AF1AF0E00C3A917 /* WaterFinderAppTests.swift */; };
/* End PBXBuildFile section */

/* Begin PBXContainerItemProxy section */
		784683B31AF1AF0E00C3A917 /* PBXContainerItemProxy */ = {
			isa = PBXContainerItemProxy;
			containerPortal = 784683921AF1AF0E00C3A917 /* Project object */;
			proxyType = 1;
			remoteGlobalIDString = 784683991AF1AF0E00C3A917;
			remoteInfo = WaterFinderApp;
		};
/* End PBXContainerItemProxy section */

/* Begin PBXFileReference section */
		7846839A1AF1AF0E00C3A917 /* WaterFinderApp.app */ = {isa = PBXFileReference; explicitFileType = wrapper.application; includeInIndex = 0; path = WaterFinderApp.app; sourceTree = BUILT_PRODUCTS_DIR; };
		7846839E1AF1AF0E00C3A917 /* Info.plist */ = {isa = PBXFileReference; lastKnownFileType = text.plist.xml; path = Info.plist; sourceTree = "<group>"; };
		7846839F1AF1AF0E00C3A917 /* AppDelegate.swift */ = {isa = PBXFileReference; lastKnownFileType = sourcecode.swift; path = AppDelegate.swift; sourceTree = "<group>"; };
		784683A21AF1AF0E00C3A917 /* WaterFinderApp.xcdatamodel */ = {isa = PBXFileReference; lastKnownFileType = wrapper.xcdatamodel; path = WaterFinderApp.xcdatamodel; sourceTree = "<group>"; };
		784683A41AF1AF0E00C3A917 /* ViewController.swift */ = {isa = PBXFileReference; lastKnownFileType = sourcecode.swift; path = ViewController.swift; sourceTree = "<group>"; };
		784683A71AF1AF0E00C3A917 /* Base */ = {isa = PBXFileReference; lastKnownFileType = file.storyboard; name = Base; path = Base.lproj/Main.storyboard; sourceTree = "<group>"; };
		784683A91AF1AF0E00C3A917 /* Images.xcassets */ = {isa = PBXFileReference; lastKnownFileType = folder.assetcatalog; path = Images.xcassets; sourceTree = "<group>"; };
		784683AC1AF1AF0E00C3A917 /* Base */ = {isa = PBXFileReference; lastKnownFileType = file.xib; name = Base; path = Base.lproj/LaunchScreen.xib; sourceTree = "<group>"; };
		784683B21AF1AF0E00C3A917 /* WaterFinderAppTests.xctest */ = {isa = PBXFileReference; explicitFileType = wrapper.cfbundle; includeInIndex = 0; path = WaterFinderAppTests.xctest; sourceTree = BUILT_PRODUCTS_DIR; };
		784683B71AF1AF0E00C3A917 /* Info.plist */ = {isa = PBXFileReference; lastKnownFileType = text.plist.xml; path = Info.plist; sourceTree = "<group>"; };
		784683B81AF1AF0E00C3A917 /* WaterFinderAppTests.swift */ = {isa = PBXFileReference; lastKnownFileType = sourcecode.swift; path = WaterFinderAppTests.swift; sourceTree = "<group>"; };
/* End PBXFileReference section */

/* Begin PBXFrameworksBuildPhase section */
		784683971AF1AF0E00C3A917 /* Frameworks */ = {
			isa = PBXFrameworksBuildPhase;
			buildActionMask = 2147483647;
			files = (
			);
			runOnlyForDeploymentPostprocessing = 0;
		};
		784683AF1AF1AF0E00C3A917 /* Frameworks */ = {
			isa = PBXFrameworksBuildPhase;
			buildActionMask = 2147483647;
			files = (
			);
			runOnlyForDeploymentPostprocessing = 0;
		};
/* End PBXFrameworksBuildPhase section */

/* Begin PBXGroup section */
		784683911AF1AF0E00C3A917 = {
			isa = PBXGroup;
			children = (
				7846839C1AF1AF0E00C3A917 /* WaterFinderApp */,
				784683B51AF1AF0E00C3A917 /* WaterFinderAppTests */,
				7846839B1AF1AF0E00C3A917 /* Products */,
			);
			sourceTree = "<group>";
		};
		7846839B1AF1AF0E00C3A917 /* Products */ = {
			isa = PBXGroup;
			children = (
				7846839A1AF1AF0E00C3A917 /* WaterFinderApp.app */,
				784683B21AF1AF0E00C3A917 /* WaterFinderAppTests.xctest */,
			);
			name = Products;
			sourceTree = "<group>";
		};
		7846839C1AF1AF0E00C3A917 /* WaterFinderApp */ = {
			isa = PBXGroup;
			children = (
				7846839F1AF1AF0E00C3A917 /* AppDelegate.swift */,
				784683A41AF1AF0E00C3A917 /* ViewController.swift */,
				784683A61AF1AF0E00C3A917 /* Main.storyboard */,
				784683A91AF1AF0E00C3A917 /* Images.xcassets */,
				784683AB1AF1AF0E00C3A917 /* LaunchScreen.xib */,
				784683A11AF1AF0E00C3A917 /* WaterFinderApp.xcdatamodeld */,
				7846839D1AF1AF0E00C3A917 /* Supporting Files */,
			);
			path = WaterFinderApp;
			sourceTree = "<group>";
		};
		7846839D1AF1AF0E00C3A917 /* Supporting Files */ = {
			isa = PBXGroup;
			children = (
				7846839E1AF1AF0E00C3A917 /* Info.plist */,
			);
			name = "Supporting Files";
			sourceTree = "<group>";
		};
		784683B51AF1AF0E00C3A917 /* WaterFinderAppTests */ = {
			isa = PBXGroup;
			children = (
				784683B81AF1AF0E00C3A917 /* WaterFinderAppTests.swift */,
				784683B61AF1AF0E00C3A917 /* Supporting Files */,
			);
			path = WaterFinderAppTests;
			sourceTree = "<group>";
		};
		784683B61AF1AF0E00C3A917 /* Supporting Files */ = {
			isa = PBXGroup;
			children = (
				784683B71AF1AF0E00C3A917 /* Info.plist */,
			);
			name = "Supporting Files";
			sourceTree = "<group>";
		};
/* End PBXGroup section */

/* Begin PBXNativeTarget section */
		784683991AF1AF0E00C3A917 /* WaterFinderApp */ = {
			isa = PBXNativeTarget;
			buildConfigurationList = 784683BC1AF1AF0E00C3A917 /* Build configuration list for PBXNativeTarget "WaterFinderApp" */;
			buildPhases = (
				784683961AF1AF0E00C3A917 /* Sources */,
				784683971AF1AF0E00C3A917 /* Frameworks */,
				784683981AF1AF0E00C3A917 /* Resources */,
			);
			buildRules = (
			);
			dependencies = (
			);
			name = WaterFinderApp;
			productName = WaterFinderApp;
			productReference = 7846839A1AF1AF0E00C3A917 /* WaterFinderApp.app */;
			productType = "com.apple.product-type.application";
		};
		784683B11AF1AF0E00C3A917 /* WaterFinderAppTests */ = {
			isa = PBXNativeTarget;
			buildConfigurationList = 784683BF1AF1AF0E00C3A917 /* Build configuration list for PBXNativeTarget "WaterFinderAppTests" */;
			buildPhases = (
				784683AE1AF1AF0E00C3A917 /* Sources */,
				784683AF1AF1AF0E00C3A917 /* Frameworks */,
				784683B01AF1AF0E00C3A917 /* Resources */,
			);
			buildRules = (
			);
			dependencies = (
				784683B41AF1AF0E00C3A917 /* PBXTargetDependency */,
			);
			name = WaterFinderAppTests;
			productName = WaterFinderAppTests;
			productReference = 784683B21AF1AF0E00C3A917 /* WaterFinderAppTests.xctest */;
			productType = "com.apple.product-type.bundle.unit-test";
		};
/* End PBXNativeTarget section */

/* Begin PBXProject section */
		784683921AF1AF0E00C3A917 /* Project object */ = {
			isa = PBXProject;
			attributes = {
				LastUpgradeCheck = 0630;
				ORGANIZATIONNAME = "Alexis Saint-Jean";
				TargetAttributes = {
					784683991AF1AF0E00C3A917 = {
						CreatedOnToolsVersion = 6.3;
					};
					784683B11AF1AF0E00C3A917 = {
						CreatedOnToolsVersion = 6.3;
						TestTargetID = 784683991AF1AF0E00C3A917;
					};
				};
			};
			buildConfigurationList = 784683951AF1AF0E00C3A917 /* Build configuration list for PBXProject "WaterFinderApp" */;
			compatibilityVersion = "Xcode 3.2";
			developmentRegion = English;
			hasScannedForEncodings = 0;
			knownRegions = (
				en,
				Base,
			);
			mainGroup = 784683911AF1AF0E00C3A917;
			productRefGroup = 7846839B1AF1AF0E00C3A917 /* Products */;
			projectDirPath = "";
			projectRoot = "";
			targets = (
				784683991AF1AF0E00C3A917 /* WaterFinderApp */,
				784683B11AF1AF0E00C3A917 /* WaterFinderAppTests */,
			);
		};
/* End PBXProject section */

/* Begin PBXResourcesBuildPhase section */
		784683981AF1AF0E00C3A917 /* Resources */ = {
			isa = PBXResourcesBuildPhase;
			buildActionMask = 2147483647;
			files = (
				784683A81AF1AF0E00C3A917 /* Main.storyboard in Resources */,
				784683AD1AF1AF0E00C3A917 /* LaunchScreen.xib in Resources */,
				784683AA1AF1AF0E00C3A917 /* Images.xcassets in Resources */,
			);
			runOnlyForDeploymentPostprocessing = 0;
		};
		784683B01AF1AF0E00C3A917 /* Resources */ = {
			isa = PBXResourcesBuildPhase;
			buildActionMask = 2147483647;
			files = (
			);
			runOnlyForDeploymentPostprocessing = 0;
		};
/* End PBXResourcesBuildPhase section */

/* Begin PBXSourcesBuildPhase section */
		784683961AF1AF0E00C3A917 /* Sources */ = {
			isa = PBXSourcesBuildPhase;
			buildActionMask = 2147483647;
			files = (
				784683A51AF1AF0E00C3A917 /* ViewController.swift in Sources */,
				784683A01AF1AF0E00C3A917 /* AppDelegate.swift in Sources */,
				784683A31AF1AF0E00C3A917 /* WaterFinderApp.xcdatamodeld in Sources */,
			);
			runOnlyForDeploymentPostprocessing = 0;
		};
		784683AE1AF1AF0E00C3A917 /* Sources */ = {
			isa = PBXSourcesBuildPhase;
			buildActionMask = 2147483647;
			files = (
				784683B91AF1AF0E00C3A917 /* WaterFinderAppTests.swift in Sources */,
			);
			runOnlyForDeploymentPostprocessing = 0;
		};
/* End PBXSourcesBuildPhase section */

/* Begin PBXTargetDependency section */
		784683B41AF1AF0E00C3A917 /* PBXTargetDependency */ = {
			isa = PBXTargetDependency;
			target = 784683991AF1AF0E00C3A917 /* WaterFinderApp */;
			targetProxy = 784683B31AF1AF0E00C3A917 /* PBXContainerItemProxy */;
		};
/* End PBXTargetDependency section */

/* Begin PBXVariantGroup section */
		784683A61AF1AF0E00C3A917 /* Main.storyboard */ = {
			isa = PBXVariantGroup;
			children = (
				784683A71AF1AF0E00C3A917 /* Base */,
			);
			name = Main.storyboard;
			sourceTree = "<group>";
		};
		784683AB1AF1AF0E00C3A917 /* LaunchScreen.xib */ = {
			isa = PBXVariantGroup;
			children = (
				784683AC1AF1AF0E00C3A917 /* Base */,
			);
			name = LaunchScreen.xib;
			sourceTree = "<group>";
		};
/* End PBXVariantGroup section */

/* Begin XCBuildConfiguration section */
		784683BA1AF1AF0E00C3A917 /* Debug */ = {
			isa = XCBuildConfiguration;
			buildSettings = {
				ALWAYS_SEARCH_USER_PATHS = NO;
				CLANG_CXX_LANGUAGE_STANDARD = "gnu++0x";
				CLANG_CXX_LIBRARY = "libc++";
				CLANG_ENABLE_MODULES = YES;
				CLANG_ENABLE_OBJC_ARC = YES;
				CLANG_WARN_BOOL_CONVERSION = YES;
				CLANG_WARN_CONSTANT_CONVERSION = YES;
				CLANG_WARN_DIRECT_OBJC_ISA_USAGE = YES_ERROR;
				CLANG_WARN_EMPTY_BODY = YES;
				CLANG_WARN_ENUM_CONVERSION = YES;
				CLANG_WARN_INT_CONVERSION = YES;
				CLANG_WARN_OBJC_ROOT_CLASS = YES_ERROR;
				CLANG_WARN_UNREACHABLE_CODE = YES;
				CLANG_WARN__DUPLICATE_METHOD_MATCH = YES;
				"CODE_SIGN_IDENTITY[sdk=iphoneos*]" = "iPhone Developer";
				COPY_PHASE_STRIP = NO;
				DEBUG_INFORMATION_FORMAT = "dwarf-with-dsym";
				ENABLE_STRICT_OBJC_MSGSEND = YES;
				GCC_C_LANGUAGE_STANDARD = gnu99;
				GCC_DYNAMIC_NO_PIC = NO;
				GCC_NO_COMMON_BLOCKS = YES;
				GCC_OPTIMIZATION_LEVEL = 0;
				GCC_PREPROCESSOR_DEFINITIONS = (
					"DEBUG=1",
					"$(inherited)",
				);
				GCC_SYMBOLS_PRIVATE_EXTERN = NO;
				GCC_WARN_64_TO_32_BIT_CONVERSION = YES;
				GCC_WARN_ABOUT_RETURN_TYPE = YES_ERROR;
				GCC_WARN_UNDECLARED_SELECTOR = YES;
				GCC_WARN_UNINITIALIZED_AUTOS = YES_AGGRESSIVE;
				GCC_WARN_UNUSED_FUNCTION = YES;
				GCC_WARN_UNUSED_VARIABLE = YES;
				IPHONEOS_DEPLOYMENT_TARGET = 8.3;
				MTL_ENABLE_DEBUG_INFO = YES;
				ONLY_ACTIVE_ARCH = YES;
				SDKROOT = iphoneos;
				SWIFT_OPTIMIZATION_LEVEL = "-Onone";
			};
			name = Debug;
		};
		784683BB1AF1AF0E00C3A917 /* Release */ = {
			isa = XCBuildConfiguration;
			buildSettings = {
				ALWAYS_SEARCH_USER_PATHS = NO;
				CLANG_CXX_LANGUAGE_STANDARD = "gnu++0x";
				CLANG_CXX_LIBRARY = "libc++";
				CLANG_ENABLE_MODULES = YES;
				CLANG_ENABLE_OBJC_ARC = YES;
				CLANG_WARN_BOOL_CONVERSION = YES;
				CLANG_WARN_CONSTANT_CONVERSION = YES;
				CLANG_WARN_DIRECT_OBJC_ISA_USAGE = YES_ERROR;
				CLANG_WARN_EMPTY_BODY = YES;
				CLANG_WARN_ENUM_CONVERSION = YES;
				CLANG_WARN_INT_CONVERSION = YES;
				CLANG_WARN_OBJC_ROOT_CLASS = YES_ERROR;
				CLANG_WARN_UNREACHABLE_CODE = YES;
				CLANG_WARN__DUPLICATE_METHOD_MATCH = YES;
				"CODE_SIGN_IDENTITY[sdk=iphoneos*]" = "iPhone Developer";
				COPY_PHASE_STRIP = NO;
				DEBUG_INFORMATION_FORMAT = "dwarf-with-dsym";
				ENABLE_NS_ASSERTIONS = NO;
				ENABLE_STRICT_OBJC_MSGSEND = YES;
				GCC_C_LANGUAGE_STANDARD = gnu99;
				GCC_NO_COMMON_BLOCKS = YES;
				GCC_WARN_64_TO_32_BIT_CONVERSION = YES;
				GCC_WARN_ABOUT_RETURN_TYPE = YES_ERROR;
				GCC_WARN_UNDECLARED_SELECTOR = YES;
				GCC_WARN_UNINITIALIZED_AUTOS = YES_AGGRESSIVE;
				GCC_WARN_UNUSED_FUNCTION = YES;
				GCC_WARN_UNUSED_VARIABLE = YES;
				IPHONEOS_DEPLOYMENT_TARGET = 8.3;
				MTL_ENABLE_DEBUG_INFO = NO;
				SDKROOT = iphoneos;
				VALIDATE_PRODUCT = YES;
			};
			name = Release;
		};
		784683BD1AF1AF0E00C3A917 /* Debug */ = {
			isa = XCBuildConfiguration;
			buildSettings = {
				ASSETCATALOG_COMPILER_APPICON_NAME = AppIcon;
				INFOPLIST_FILE = WaterFinderApp/Info.plist;
				LD_RUNPATH_SEARCH_PATHS = "$(inherited) @executable_path/Frameworks";
				PRODUCT_NAME = "$(TARGET_NAME)";
			};
			name = Debug;
		};
		784683BE1AF1AF0E00C3A917 /* Release */ = {
			isa = XCBuildConfiguration;
			buildSettings = {
				ASSETCATALOG_COMPILER_APPICON_NAME = AppIcon;
				INFOPLIST_FILE = WaterFinderApp/Info.plist;
				LD_RUNPATH_SEARCH_PATHS = "$(inherited) @executable_path/Frameworks";
				PRODUCT_NAME = "$(TARGET_NAME)";
			};
			name = Release;
		};
		784683C01AF1AF0E00C3A917 /* Debug */ = {
			isa = XCBuildConfiguration;
			buildSettings = {
				BUNDLE_LOADER = "$(TEST_HOST)";
				FRAMEWORK_SEARCH_PATHS = (
					"$(SDKROOT)/Developer/Library/Frameworks",
					"$(inherited)",
				);
				GCC_PREPROCESSOR_DEFINITIONS = (
					"DEBUG=1",
					"$(inherited)",
				);
				INFOPLIST_FILE = WaterFinderAppTests/Info.plist;
				LD_RUNPATH_SEARCH_PATHS = "$(inherited) @executable_path/Frameworks @loader_path/Frameworks";
				PRODUCT_NAME = "$(TARGET_NAME)";
				TEST_HOST = "$(BUILT_PRODUCTS_DIR)/WaterFinderApp.app/WaterFinderApp";
			};
			name = Debug;
		};
		784683C11AF1AF0E00C3A917 /* Release */ = {
			isa = XCBuildConfiguration;
			buildSettings = {
				BUNDLE_LOADER = "$(TEST_HOST)";
				FRAMEWORK_SEARCH_PATHS = (
					"$(SDKROOT)/Developer/Library/Frameworks",
					"$(inherited)",
				);
				INFOPLIST_FILE = WaterFinderAppTests/Info.plist;
				LD_RUNPATH_SEARCH_PATHS = "$(inherited) @executable_path/Frameworks @loader_path/Frameworks";
				PRODUCT_NAME = "$(TARGET_NAME)";
				TEST_HOST = "$(BUILT_PRODUCTS_DIR)/WaterFinderApp.app/WaterFinderApp";
			};
			name = Release;
		};
/* End XCBuildConfiguration section */

/* Begin XCConfigurationList section */
		784683951AF1AF0E00C3A917 /* Build configuration list for PBXProject "WaterFinderApp" */ = {
			isa = XCConfigurationList;
			buildConfigurations = (
				784683BA1AF1AF0E00C3A917 /* Debug */,
				784683BB1AF1AF0E00C3A917 /* Release */,
			);
			defaultConfigurationIsVisible = 0;
			defaultConfigurationName = Release;
		};
		784683BC1AF1AF0E00C3A917 /* Build configuration list for PBXNativeTarget "WaterFinderApp" */ = {
			isa = XCConfigurationList;
			buildConfigurations = (
				784683BD1AF1AF0E00C3A917 /* Debug */,
				784683BE1AF1AF0E00C3A917 /* Release */,
			);
			defaultConfigurationIsVisible = 0;
		};
		784683BF1AF1AF0E00C3A917 /* Build configuration list for PBXNativeTarget "WaterFinderAppTests" */ = {
			isa = XCConfigurationList;
			buildConfigurations = (
				784683C01AF1AF0E00C3A917 /* Debug */,
				784683C11AF1AF0E00C3A917 /* Release */,
			);
			defaultConfigurationIsVisible = 0;
		};
/* End XCConfigurationList section */

/* Begin XCVersionGroup section */
		784683A11AF1AF0E00C3A917 /* WaterFinderApp.xcdatamodeld */ = {
			isa = XCVersionGroup;
			children = (
				784683A21AF1AF0E00C3A917 /* WaterFinderApp.xcdatamodel */,
			);
			currentVersion = 784683A21AF1AF0E00C3A917 /* WaterFinderApp.xcdatamodel */;
			path = WaterFinderApp.xcdatamodeld;
			sourceTree = "<group>";
			versionGroupType = wrapper.xcdatamodel;
		};
/* End XCVersionGroup section */
	};
	rootObject = 784683921AF1AF0E00C3A917 /* Project object */;
}
