// !$*UTF8*$!
{
	archiveVersion = 1;
	classes = {
	};
	objectVersion = 46;
	objects = {

/* Begin PBXBuildFile section */
		78D3A2351AD959AF00D9563D /* AppDelegate.swift in Sources */ = {isa = PBXBuildFile; fileRef = 78D3A2341AD959AF00D9563D /* AppDelegate.swift */; };
		78D3A2381AD959AF00D9563D /* SpaceAppTrial1.xcdatamodeld in Sources */ = {isa = PBXBuildFile; fileRef = 78D3A2361AD959AF00D9563D /* SpaceAppTrial1.xcdatamodeld */; };
		78D3A23A1AD959AF00D9563D /* ViewController.swift in Sources */ = {isa = PBXBuildFile; fileRef = 78D3A2391AD959AF00D9563D /* ViewController.swift */; };
		78D3A23D1AD959AF00D9563D /* Main.storyboard in Resources */ = {isa = PBXBuildFile; fileRef = 78D3A23B1AD959AF00D9563D /* Main.storyboard */; };
		78D3A23F1AD959AF00D9563D /* Images.xcassets in Resources */ = {isa = PBXBuildFile; fileRef = 78D3A23E1AD959AF00D9563D /* Images.xcassets */; };
		78D3A2421AD959AF00D9563D /* LaunchScreen.xib in Resources */ = {isa = PBXBuildFile; fileRef = 78D3A2401AD959AF00D9563D /* LaunchScreen.xib */; };
		78D3A24E1AD959AF00D9563D /* SpaceAppTrial1Tests.swift in Sources */ = {isa = PBXBuildFile; fileRef = 78D3A24D1AD959AF00D9563D /* SpaceAppTrial1Tests.swift */; };
/* End PBXBuildFile section */

/* Begin PBXContainerItemProxy section */
		78D3A2481AD959AF00D9563D /* PBXContainerItemProxy */ = {
			isa = PBXContainerItemProxy;
			containerPortal = 78D3A2271AD959AE00D9563D /* Project object */;
			proxyType = 1;
			remoteGlobalIDString = 78D3A22E1AD959AF00D9563D;
			remoteInfo = SpaceAppTrial1;
		};
/* End PBXContainerItemProxy section */

/* Begin PBXFileReference section */
		78D3A22F1AD959AF00D9563D /* SpaceAppTrial1.app */ = {isa = PBXFileReference; explicitFileType = wrapper.application; includeInIndex = 0; path = SpaceAppTrial1.app; sourceTree = BUILT_PRODUCTS_DIR; };
		78D3A2331AD959AF00D9563D /* Info.plist */ = {isa = PBXFileReference; lastKnownFileType = text.plist.xml; path = Info.plist; sourceTree = "<group>"; };
		78D3A2341AD959AF00D9563D /* AppDelegate.swift */ = {isa = PBXFileReference; lastKnownFileType = sourcecode.swift; path = AppDelegate.swift; sourceTree = "<group>"; };
		78D3A2371AD959AF00D9563D /* SpaceAppTrial1.xcdatamodel */ = {isa = PBXFileReference; lastKnownFileType = wrapper.xcdatamodel; path = SpaceAppTrial1.xcdatamodel; sourceTree = "<group>"; };
		78D3A2391AD959AF00D9563D /* ViewController.swift */ = {isa = PBXFileReference; lastKnownFileType = sourcecode.swift; path = ViewController.swift; sourceTree = "<group>"; };
		78D3A23C1AD959AF00D9563D /* Base */ = {isa = PBXFileReference; lastKnownFileType = file.storyboard; name = Base; path = Base.lproj/Main.storyboard; sourceTree = "<group>"; };
		78D3A23E1AD959AF00D9563D /* Images.xcassets */ = {isa = PBXFileReference; lastKnownFileType = folder.assetcatalog; path = Images.xcassets; sourceTree = "<group>"; };
		78D3A2411AD959AF00D9563D /* Base */ = {isa = PBXFileReference; lastKnownFileType = file.xib; name = Base; path = Base.lproj/LaunchScreen.xib; sourceTree = "<group>"; };
		78D3A2471AD959AF00D9563D /* SpaceAppTrial1Tests.xctest */ = {isa = PBXFileReference; explicitFileType = wrapper.cfbundle; includeInIndex = 0; path = SpaceAppTrial1Tests.xctest; sourceTree = BUILT_PRODUCTS_DIR; };
		78D3A24C1AD959AF00D9563D /* Info.plist */ = {isa = PBXFileReference; lastKnownFileType = text.plist.xml; path = Info.plist; sourceTree = "<group>"; };
		78D3A24D1AD959AF00D9563D /* SpaceAppTrial1Tests.swift */ = {isa = PBXFileReference; lastKnownFileType = sourcecode.swift; path = SpaceAppTrial1Tests.swift; sourceTree = "<group>"; };
/* End PBXFileReference section */

/* Begin PBXFrameworksBuildPhase section */
		78D3A22C1AD959AF00D9563D /* Frameworks */ = {
			isa = PBXFrameworksBuildPhase;
			buildActionMask = 2147483647;
			files = (
			);
			runOnlyForDeploymentPostprocessing = 0;
		};
		78D3A2441AD959AF00D9563D /* Frameworks */ = {
			isa = PBXFrameworksBuildPhase;
			buildActionMask = 2147483647;
			files = (
			);
			runOnlyForDeploymentPostprocessing = 0;
		};
/* End PBXFrameworksBuildPhase section */

/* Begin PBXGroup section */
		78D3A2261AD959AE00D9563D = {
			isa = PBXGroup;
			children = (
				78D3A2311AD959AF00D9563D /* SpaceAppTrial1 */,
				78D3A24A1AD959AF00D9563D /* SpaceAppTrial1Tests */,
				78D3A2301AD959AF00D9563D /* Products */,
			);
			sourceTree = "<group>";
		};
		78D3A2301AD959AF00D9563D /* Products */ = {
			isa = PBXGroup;
			children = (
				78D3A22F1AD959AF00D9563D /* SpaceAppTrial1.app */,
				78D3A2471AD959AF00D9563D /* SpaceAppTrial1Tests.xctest */,
			);
			name = Products;
			sourceTree = "<group>";
		};
		78D3A2311AD959AF00D9563D /* SpaceAppTrial1 */ = {
			isa = PBXGroup;
			children = (
				78D3A2341AD959AF00D9563D /* AppDelegate.swift */,
				78D3A2391AD959AF00D9563D /* ViewController.swift */,
				78D3A23B1AD959AF00D9563D /* Main.storyboard */,
				78D3A23E1AD959AF00D9563D /* Images.xcassets */,
				78D3A2401AD959AF00D9563D /* LaunchScreen.xib */,
				78D3A2361AD959AF00D9563D /* SpaceAppTrial1.xcdatamodeld */,
				78D3A2321AD959AF00D9563D /* Supporting Files */,
			);
			path = SpaceAppTrial1;
			sourceTree = "<group>";
		};
		78D3A2321AD959AF00D9563D /* Supporting Files */ = {
			isa = PBXGroup;
			children = (
				78D3A2331AD959AF00D9563D /* Info.plist */,
			);
			name = "Supporting Files";
			sourceTree = "<group>";
		};
		78D3A24A1AD959AF00D9563D /* SpaceAppTrial1Tests */ = {
			isa = PBXGroup;
			children = (
				78D3A24D1AD959AF00D9563D /* SpaceAppTrial1Tests.swift */,
				78D3A24B1AD959AF00D9563D /* Supporting Files */,
			);
			path = SpaceAppTrial1Tests;
			sourceTree = "<group>";
		};
		78D3A24B1AD959AF00D9563D /* Supporting Files */ = {
			isa = PBXGroup;
			children = (
				78D3A24C1AD959AF00D9563D /* Info.plist */,
			);
			name = "Supporting Files";
			sourceTree = "<group>";
		};
/* End PBXGroup section */

/* Begin PBXNativeTarget section */
		78D3A22E1AD959AF00D9563D /* SpaceAppTrial1 */ = {
			isa = PBXNativeTarget;
			buildConfigurationList = 78D3A2511AD959AF00D9563D /* Build configuration list for PBXNativeTarget "SpaceAppTrial1" */;
			buildPhases = (
				78D3A22B1AD959AF00D9563D /* Sources */,
				78D3A22C1AD959AF00D9563D /* Frameworks */,
				78D3A22D1AD959AF00D9563D /* Resources */,
			);
			buildRules = (
			);
			dependencies = (
			);
			name = SpaceAppTrial1;
			productName = SpaceAppTrial1;
			productReference = 78D3A22F1AD959AF00D9563D /* SpaceAppTrial1.app */;
			productType = "com.apple.product-type.application";
		};
		78D3A2461AD959AF00D9563D /* SpaceAppTrial1Tests */ = {
			isa = PBXNativeTarget;
			buildConfigurationList = 78D3A2541AD959AF00D9563D /* Build configuration list for PBXNativeTarget "SpaceAppTrial1Tests" */;
			buildPhases = (
				78D3A2431AD959AF00D9563D /* Sources */,
				78D3A2441AD959AF00D9563D /* Frameworks */,
				78D3A2451AD959AF00D9563D /* Resources */,
			);
			buildRules = (
			);
			dependencies = (
				78D3A2491AD959AF00D9563D /* PBXTargetDependency */,
			);
			name = SpaceAppTrial1Tests;
			productName = SpaceAppTrial1Tests;
			productReference = 78D3A2471AD959AF00D9563D /* SpaceAppTrial1Tests.xctest */;
			productType = "com.apple.product-type.bundle.unit-test";
		};
/* End PBXNativeTarget section */

/* Begin PBXProject section */
		78D3A2271AD959AE00D9563D /* Project object */ = {
			isa = PBXProject;
			attributes = {
				LastUpgradeCheck = 0630;
				ORGANIZATIONNAME = "Alexis Saint-Jean";
				TargetAttributes = {
					78D3A22E1AD959AF00D9563D = {
						CreatedOnToolsVersion = 6.3;
					};
					78D3A2461AD959AF00D9563D = {
						CreatedOnToolsVersion = 6.3;
						TestTargetID = 78D3A22E1AD959AF00D9563D;
					};
				};
			};
			buildConfigurationList = 78D3A22A1AD959AE00D9563D /* Build configuration list for PBXProject "SpaceAppTrial1" */;
			compatibilityVersion = "Xcode 3.2";
			developmentRegion = English;
			hasScannedForEncodings = 0;
			knownRegions = (
				en,
				Base,
			);
			mainGroup = 78D3A2261AD959AE00D9563D;
			productRefGroup = 78D3A2301AD959AF00D9563D /* Products */;
			projectDirPath = "";
			projectRoot = "";
			targets = (
				78D3A22E1AD959AF00D9563D /* SpaceAppTrial1 */,
				78D3A2461AD959AF00D9563D /* SpaceAppTrial1Tests */,
			);
		};
/* End PBXProject section */

/* Begin PBXResourcesBuildPhase section */
		78D3A22D1AD959AF00D9563D /* Resources */ = {
			isa = PBXResourcesBuildPhase;
			buildActionMask = 2147483647;
			files = (
				78D3A23D1AD959AF00D9563D /* Main.storyboard in Resources */,
				78D3A2421AD959AF00D9563D /* LaunchScreen.xib in Resources */,
				78D3A23F1AD959AF00D9563D /* Images.xcassets in Resources */,
			);
			runOnlyForDeploymentPostprocessing = 0;
		};
		78D3A2451AD959AF00D9563D /* Resources */ = {
			isa = PBXResourcesBuildPhase;
			buildActionMask = 2147483647;
			files = (
			);
			runOnlyForDeploymentPostprocessing = 0;
		};
/* End PBXResourcesBuildPhase section */

/* Begin PBXSourcesBuildPhase section */
		78D3A22B1AD959AF00D9563D /* Sources */ = {
			isa = PBXSourcesBuildPhase;
			buildActionMask = 2147483647;
			files = (
				78D3A23A1AD959AF00D9563D /* ViewController.swift in Sources */,
				78D3A2351AD959AF00D9563D /* AppDelegate.swift in Sources */,
				78D3A2381AD959AF00D9563D /* SpaceAppTrial1.xcdatamodeld in Sources */,
			);
			runOnlyForDeploymentPostprocessing = 0;
		};
		78D3A2431AD959AF00D9563D /* Sources */ = {
			isa = PBXSourcesBuildPhase;
			buildActionMask = 2147483647;
			files = (
				78D3A24E1AD959AF00D9563D /* SpaceAppTrial1Tests.swift in Sources */,
			);
			runOnlyForDeploymentPostprocessing = 0;
		};
/* End PBXSourcesBuildPhase section */

/* Begin PBXTargetDependency section */
		78D3A2491AD959AF00D9563D /* PBXTargetDependency */ = {
			isa = PBXTargetDependency;
			target = 78D3A22E1AD959AF00D9563D /* SpaceAppTrial1 */;
			targetProxy = 78D3A2481AD959AF00D9563D /* PBXContainerItemProxy */;
		};
/* End PBXTargetDependency section */

/* Begin PBXVariantGroup section */
		78D3A23B1AD959AF00D9563D /* Main.storyboard */ = {
			isa = PBXVariantGroup;
			children = (
				78D3A23C1AD959AF00D9563D /* Base */,
			);
			name = Main.storyboard;
			sourceTree = "<group>";
		};
		78D3A2401AD959AF00D9563D /* LaunchScreen.xib */ = {
			isa = PBXVariantGroup;
			children = (
				78D3A2411AD959AF00D9563D /* Base */,
			);
			name = LaunchScreen.xib;
			sourceTree = "<group>";
		};
/* End PBXVariantGroup section */

/* Begin XCBuildConfiguration section */
		78D3A24F1AD959AF00D9563D /* Debug */ = {
			isa = XCBuildConfiguration;
			buildSettings = {
				ALWAYS_SEARCH_USER_PATHS = NO;
				CLANG_CXX_LANGUAGE_STANDARD = "gnu++0x";
				CLANG_CXX_LIBRARY = "libc++";
				CLANG_ENABLE_MODULES = YES;
				CLANG_ENABLE_OBJC_ARC = YES;
				CLANG_WARN_BOOL_CONVERSION = YES;
				CLANG_WARN_CONSTANT_CONVERSION = YES;
				CLANG_WARN_DIRECT_OBJC_ISA_USAGE = YES_ERROR;
				CLANG_WARN_EMPTY_BODY = YES;
				CLANG_WARN_ENUM_CONVERSION = YES;
				CLANG_WARN_INT_CONVERSION = YES;
				CLANG_WARN_OBJC_ROOT_CLASS = YES_ERROR;
				CLANG_WARN_UNREACHABLE_CODE = YES;
				CLANG_WARN__DUPLICATE_METHOD_MATCH = YES;
				"CODE_SIGN_IDENTITY[sdk=iphoneos*]" = "iPhone Developer";
				COPY_PHASE_STRIP = NO;
				DEBUG_INFORMATION_FORMAT = "dwarf-with-dsym";
				ENABLE_STRICT_OBJC_MSGSEND = YES;
				GCC_C_LANGUAGE_STANDARD = gnu99;
				GCC_DYNAMIC_NO_PIC = NO;
				GCC_NO_COMMON_BLOCKS = YES;
				GCC_OPTIMIZATION_LEVEL = 0;
				GCC_PREPROCESSOR_DEFINITIONS = (
					"DEBUG=1",
					"$(inherited)",
				);
				GCC_SYMBOLS_PRIVATE_EXTERN = NO;
				GCC_WARN_64_TO_32_BIT_CONVERSION = YES;
				GCC_WARN_ABOUT_RETURN_TYPE = YES_ERROR;
				GCC_WARN_UNDECLARED_SELECTOR = YES;
				GCC_WARN_UNINITIALIZED_AUTOS = YES_AGGRESSIVE;
				GCC_WARN_UNUSED_FUNCTION = YES;
				GCC_WARN_UNUSED_VARIABLE = YES;
				IPHONEOS_DEPLOYMENT_TARGET = 8.3;
				MTL_ENABLE_DEBUG_INFO = YES;
				ONLY_ACTIVE_ARCH = YES;
				SDKROOT = iphoneos;
				SWIFT_OPTIMIZATION_LEVEL = "-Onone";
				TARGETED_DEVICE_FAMILY = "1,2";
			};
			name = Debug;
		};
		78D3A2501AD959AF00D9563D /* Release */ = {
			isa = XCBuildConfiguration;
			buildSettings = {
				ALWAYS_SEARCH_USER_PATHS = NO;
				CLANG_CXX_LANGUAGE_STANDARD = "gnu++0x";
				CLANG_CXX_LIBRARY = "libc++";
				CLANG_ENABLE_MODULES = YES;
				CLANG_ENABLE_OBJC_ARC = YES;
				CLANG_WARN_BOOL_CONVERSION = YES;
				CLANG_WARN_CONSTANT_CONVERSION = YES;
				CLANG_WARN_DIRECT_OBJC_ISA_USAGE = YES_ERROR;
				CLANG_WARN_EMPTY_BODY = YES;
				CLANG_WARN_ENUM_CONVERSION = YES;
				CLANG_WARN_INT_CONVERSION = YES;
				CLANG_WARN_OBJC_ROOT_CLASS = YES_ERROR;
				CLANG_WARN_UNREACHABLE_CODE = YES;
				CLANG_WARN__DUPLICATE_METHOD_MATCH = YES;
				"CODE_SIGN_IDENTITY[sdk=iphoneos*]" = "iPhone Developer";
				COPY_PHASE_STRIP = NO;
				DEBUG_INFORMATION_FORMAT = "dwarf-with-dsym";
				ENABLE_NS_ASSERTIONS = NO;
				ENABLE_STRICT_OBJC_MSGSEND = YES;
				GCC_C_LANGUAGE_STANDARD = gnu99;
				GCC_NO_COMMON_BLOCKS = YES;
				GCC_WARN_64_TO_32_BIT_CONVERSION = YES;
				GCC_WARN_ABOUT_RETURN_TYPE = YES_ERROR;
				GCC_WARN_UNDECLARED_SELECTOR = YES;
				GCC_WARN_UNINITIALIZED_AUTOS = YES_AGGRESSIVE;
				GCC_WARN_UNUSED_FUNCTION = YES;
				GCC_WARN_UNUSED_VARIABLE = YES;
				IPHONEOS_DEPLOYMENT_TARGET = 8.3;
				MTL_ENABLE_DEBUG_INFO = NO;
				SDKROOT = iphoneos;
				TARGETED_DEVICE_FAMILY = "1,2";
				VALIDATE_PRODUCT = YES;
			};
			name = Release;
		};
		78D3A2521AD959AF00D9563D /* Debug */ = {
			isa = XCBuildConfiguration;
			buildSettings = {
				ASSETCATALOG_COMPILER_APPICON_NAME = AppIcon;
				INFOPLIST_FILE = SpaceAppTrial1/Info.plist;
				LD_RUNPATH_SEARCH_PATHS = "$(inherited) @executable_path/Frameworks";
				PRODUCT_NAME = "$(TARGET_NAME)";
			};
			name = Debug;
		};
		78D3A2531AD959AF00D9563D /* Release */ = {
			isa = XCBuildConfiguration;
			buildSettings = {
				ASSETCATALOG_COMPILER_APPICON_NAME = AppIcon;
				INFOPLIST_FILE = SpaceAppTrial1/Info.plist;
				LD_RUNPATH_SEARCH_PATHS = "$(inherited) @executable_path/Frameworks";
				PRODUCT_NAME = "$(TARGET_NAME)";
			};
			name = Release;
		};
		78D3A2551AD959AF00D9563D /* Debug */ = {
			isa = XCBuildConfiguration;
			buildSettings = {
				BUNDLE_LOADER = "$(TEST_HOST)";
				FRAMEWORK_SEARCH_PATHS = (
					"$(SDKROOT)/Developer/Library/Frameworks",
					"$(inherited)",
				);
				GCC_PREPROCESSOR_DEFINITIONS = (
					"DEBUG=1",
					"$(inherited)",
				);
				INFOPLIST_FILE = SpaceAppTrial1Tests/Info.plist;
				LD_RUNPATH_SEARCH_PATHS = "$(inherited) @executable_path/Frameworks @loader_path/Frameworks";
				PRODUCT_NAME = "$(TARGET_NAME)";
				TEST_HOST = "$(BUILT_PRODUCTS_DIR)/SpaceAppTrial1.app/SpaceAppTrial1";
			};
			name = Debug;
		};
		78D3A2561AD959AF00D9563D /* Release */ = {
			isa = XCBuildConfiguration;
			buildSettings = {
				BUNDLE_LOADER = "$(TEST_HOST)";
				FRAMEWORK_SEARCH_PATHS = (
					"$(SDKROOT)/Developer/Library/Frameworks",
					"$(inherited)",
				);
				INFOPLIST_FILE = SpaceAppTrial1Tests/Info.plist;
				LD_RUNPATH_SEARCH_PATHS = "$(inherited) @executable_path/Frameworks @loader_path/Frameworks";
				PRODUCT_NAME = "$(TARGET_NAME)";
				TEST_HOST = "$(BUILT_PRODUCTS_DIR)/SpaceAppTrial1.app/SpaceAppTrial1";
			};
			name = Release;
		};
/* End XCBuildConfiguration section */

/* Begin XCConfigurationList section */
		78D3A22A1AD959AE00D9563D /* Build configuration list for PBXProject "SpaceAppTrial1" */ = {
			isa = XCConfigurationList;
			buildConfigurations = (
				78D3A24F1AD959AF00D9563D /* Debug */,
				78D3A2501AD959AF00D9563D /* Release */,
			);
			defaultConfigurationIsVisible = 0;
			defaultConfigurationName = Release;
		};
		78D3A2511AD959AF00D9563D /* Build configuration list for PBXNativeTarget "SpaceAppTrial1" */ = {
			isa = XCConfigurationList;
			buildConfigurations = (
				78D3A2521AD959AF00D9563D /* Debug */,
				78D3A2531AD959AF00D9563D /* Release */,
			);
			defaultConfigurationIsVisible = 0;
		};
		78D3A2541AD959AF00D9563D /* Build configuration list for PBXNativeTarget "SpaceAppTrial1Tests" */ = {
			isa = XCConfigurationList;
			buildConfigurations = (
				78D3A2551AD959AF00D9563D /* Debug */,
				78D3A2561AD959AF00D9563D /* Release */,
			);
			defaultConfigurationIsVisible = 0;
		};
/* End XCConfigurationList section */

/* Begin XCVersionGroup section */
		78D3A2361AD959AF00D9563D /* SpaceAppTrial1.xcdatamodeld */ = {
			isa = XCVersionGroup;
			children = (
				78D3A2371AD959AF00D9563D /* SpaceAppTrial1.xcdatamodel */,
			);
			currentVersion = 78D3A2371AD959AF00D9563D /* SpaceAppTrial1.xcdatamodel */;
			path = SpaceAppTrial1.xcdatamodeld;
			sourceTree = "<group>";
			versionGroupType = wrapper.xcdatamodel;
		};
/* End XCVersionGroup section */
	};
	rootObject = 78D3A2271AD959AE00D9563D /* Project object */;
}
