// !$*UTF8*$!
{
	archiveVersion = 1;
	classes = {
	};
	objectVersion = 46;
	objects = {

/* Begin PBXBuildFile section */
		783BEFDE1AF1B0CD00CA655A /* AppDelegate.swift in Sources */ = {isa = PBXBuildFile; fileRef = 783BEFDD1AF1B0CD00CA655A /* AppDelegate.swift */; };
		783BEFE11AF1B0CD00CA655A /* WaterFinderiOS.xcdatamodeld in Sources */ = {isa = PBXBuildFile; fileRef = 783BEFDF1AF1B0CD00CA655A /* WaterFinderiOS.xcdatamodeld */; };
		783BEFE31AF1B0CD00CA655A /* ViewController.swift in Sources */ = {isa = PBXBuildFile; fileRef = 783BEFE21AF1B0CD00CA655A /* ViewController.swift */; };
		783BEFE61AF1B0CD00CA655A /* Main.storyboard in Resources */ = {isa = PBXBuildFile; fileRef = 783BEFE41AF1B0CD00CA655A /* Main.storyboard */; };
		783BEFE81AF1B0CD00CA655A /* Images.xcassets in Resources */ = {isa = PBXBuildFile; fileRef = 783BEFE71AF1B0CD00CA655A /* Images.xcassets */; };
		783BEFEB1AF1B0CD00CA655A /* LaunchScreen.xib in Resources */ = {isa = PBXBuildFile; fileRef = 783BEFE91AF1B0CD00CA655A /* LaunchScreen.xib */; };
		783BEFF71AF1B0CD00CA655A /* WaterFinderiOSTests.swift in Sources */ = {isa = PBXBuildFile; fileRef = 783BEFF61AF1B0CD00CA655A /* WaterFinderiOSTests.swift */; };
		783BF0011AF1B0D800CA655A /* MapKit.framework in Frameworks */ = {isa = PBXBuildFile; fileRef = 783BF0001AF1B0D800CA655A /* MapKit.framework */; };
/* End PBXBuildFile section */

/* Begin PBXContainerItemProxy section */
		783BEFF11AF1B0CD00CA655A /* PBXContainerItemProxy */ = {
			isa = PBXContainerItemProxy;
			containerPortal = 783BEFD01AF1B0CD00CA655A /* Project object */;
			proxyType = 1;
			remoteGlobalIDString = 783BEFD71AF1B0CD00CA655A;
			remoteInfo = WaterFinderiOS;
		};
/* End PBXContainerItemProxy section */

/* Begin PBXFileReference section */
		783BEFD81AF1B0CD00CA655A /* WaterFinderiOS.app */ = {isa = PBXFileReference; explicitFileType = wrapper.application; includeInIndex = 0; path = WaterFinderiOS.app; sourceTree = BUILT_PRODUCTS_DIR; };
		783BEFDC1AF1B0CD00CA655A /* Info.plist */ = {isa = PBXFileReference; lastKnownFileType = text.plist.xml; path = Info.plist; sourceTree = "<group>"; };
		783BEFDD1AF1B0CD00CA655A /* AppDelegate.swift */ = {isa = PBXFileReference; lastKnownFileType = sourcecode.swift; path = AppDelegate.swift; sourceTree = "<group>"; };
		783BEFE01AF1B0CD00CA655A /* WaterFinderiOS.xcdatamodel */ = {isa = PBXFileReference; lastKnownFileType = wrapper.xcdatamodel; path = WaterFinderiOS.xcdatamodel; sourceTree = "<group>"; };
		783BEFE21AF1B0CD00CA655A /* ViewController.swift */ = {isa = PBXFileReference; lastKnownFileType = sourcecode.swift; path = ViewController.swift; sourceTree = "<group>"; };
		783BEFE51AF1B0CD00CA655A /* Base */ = {isa = PBXFileReference; lastKnownFileType = file.storyboard; name = Base; path = Base.lproj/Main.storyboard; sourceTree = "<group>"; };
		783BEFE71AF1B0CD00CA655A /* Images.xcassets */ = {isa = PBXFileReference; lastKnownFileType = folder.assetcatalog; path = Images.xcassets; sourceTree = "<group>"; };
		783BEFEA1AF1B0CD00CA655A /* Base */ = {isa = PBXFileReference; lastKnownFileType = file.xib; name = Base; path = Base.lproj/LaunchScreen.xib; sourceTree = "<group>"; };
		783BEFF01AF1B0CD00CA655A /* WaterFinderiOSTests.xctest */ = {isa = PBXFileReference; explicitFileType = wrapper.cfbundle; includeInIndex = 0; path = WaterFinderiOSTests.xctest; sourceTree = BUILT_PRODUCTS_DIR; };
		783BEFF51AF1B0CD00CA655A /* Info.plist */ = {isa = PBXFileReference; lastKnownFileType = text.plist.xml; path = Info.plist; sourceTree = "<group>"; };
		783BEFF61AF1B0CD00CA655A /* WaterFinderiOSTests.swift */ = {isa = PBXFileReference; lastKnownFileType = sourcecode.swift; path = WaterFinderiOSTests.swift; sourceTree = "<group>"; };
		783BF0001AF1B0D800CA655A /* MapKit.framework */ = {isa = PBXFileReference; lastKnownFileType = wrapper.framework; name = MapKit.framework; path = System/Library/Frameworks/MapKit.framework; sourceTree = SDKROOT; };
/* End PBXFileReference section */

/* Begin PBXFrameworksBuildPhase section */
		783BEFD51AF1B0CD00CA655A /* Frameworks */ = {
			isa = PBXFrameworksBuildPhase;
			buildActionMask = 2147483647;
			files = (
				783BF0011AF1B0D800CA655A /* MapKit.framework in Frameworks */,
			);
			runOnlyForDeploymentPostprocessing = 0;
		};
		783BEFED1AF1B0CD00CA655A /* Frameworks */ = {
			isa = PBXFrameworksBuildPhase;
			buildActionMask = 2147483647;
			files = (
			);
			runOnlyForDeploymentPostprocessing = 0;
		};
/* End PBXFrameworksBuildPhase section */

/* Begin PBXGroup section */
		783BEFCF1AF1B0CD00CA655A = {
			isa = PBXGroup;
			children = (
				783BF0001AF1B0D800CA655A /* MapKit.framework */,
				783BEFDA1AF1B0CD00CA655A /* WaterFinderiOS */,
				783BEFF31AF1B0CD00CA655A /* WaterFinderiOSTests */,
				783BEFD91AF1B0CD00CA655A /* Products */,
			);
			sourceTree = "<group>";
		};
		783BEFD91AF1B0CD00CA655A /* Products */ = {
			isa = PBXGroup;
			children = (
				783BEFD81AF1B0CD00CA655A /* WaterFinderiOS.app */,
				783BEFF01AF1B0CD00CA655A /* WaterFinderiOSTests.xctest */,
			);
			name = Products;
			sourceTree = "<group>";
		};
		783BEFDA1AF1B0CD00CA655A /* WaterFinderiOS */ = {
			isa = PBXGroup;
			children = (
				783BEFDD1AF1B0CD00CA655A /* AppDelegate.swift */,
				783BEFE21AF1B0CD00CA655A /* ViewController.swift */,
				783BEFE41AF1B0CD00CA655A /* Main.storyboard */,
				783BEFE71AF1B0CD00CA655A /* Images.xcassets */,
				783BEFE91AF1B0CD00CA655A /* LaunchScreen.xib */,
				783BEFDF1AF1B0CD00CA655A /* WaterFinderiOS.xcdatamodeld */,
				783BEFDB1AF1B0CD00CA655A /* Supporting Files */,
			);
			path = WaterFinderiOS;
			sourceTree = "<group>";
		};
		783BEFDB1AF1B0CD00CA655A /* Supporting Files */ = {
			isa = PBXGroup;
			children = (
				783BEFDC1AF1B0CD00CA655A /* Info.plist */,
			);
			name = "Supporting Files";
			sourceTree = "<group>";
		};
		783BEFF31AF1B0CD00CA655A /* WaterFinderiOSTests */ = {
			isa = PBXGroup;
			children = (
				783BEFF61AF1B0CD00CA655A /* WaterFinderiOSTests.swift */,
				783BEFF41AF1B0CD00CA655A /* Supporting Files */,
			);
			path = WaterFinderiOSTests;
			sourceTree = "<group>";
		};
		783BEFF41AF1B0CD00CA655A /* Supporting Files */ = {
			isa = PBXGroup;
			children = (
				783BEFF51AF1B0CD00CA655A /* Info.plist */,
			);
			name = "Supporting Files";
			sourceTree = "<group>";
		};
/* End PBXGroup section */

/* Begin PBXNativeTarget section */
		783BEFD71AF1B0CD00CA655A /* WaterFinderiOS */ = {
			isa = PBXNativeTarget;
			buildConfigurationList = 783BEFFA1AF1B0CD00CA655A /* Build configuration list for PBXNativeTarget "WaterFinderiOS" */;
			buildPhases = (
				783BEFD41AF1B0CD00CA655A /* Sources */,
				783BEFD51AF1B0CD00CA655A /* Frameworks */,
				783BEFD61AF1B0CD00CA655A /* Resources */,
			);
			buildRules = (
			);
			dependencies = (
			);
			name = WaterFinderiOS;
			productName = WaterFinderiOS;
			productReference = 783BEFD81AF1B0CD00CA655A /* WaterFinderiOS.app */;
			productType = "com.apple.product-type.application";
		};
		783BEFEF1AF1B0CD00CA655A /* WaterFinderiOSTests */ = {
			isa = PBXNativeTarget;
			buildConfigurationList = 783BEFFD1AF1B0CD00CA655A /* Build configuration list for PBXNativeTarget "WaterFinderiOSTests" */;
			buildPhases = (
				783BEFEC1AF1B0CD00CA655A /* Sources */,
				783BEFED1AF1B0CD00CA655A /* Frameworks */,
				783BEFEE1AF1B0CD00CA655A /* Resources */,
			);
			buildRules = (
			);
			dependencies = (
				783BEFF21AF1B0CD00CA655A /* PBXTargetDependency */,
			);
			name = WaterFinderiOSTests;
			productName = WaterFinderiOSTests;
			productReference = 783BEFF01AF1B0CD00CA655A /* WaterFinderiOSTests.xctest */;
			productType = "com.apple.product-type.bundle.unit-test";
		};
/* End PBXNativeTarget section */

/* Begin PBXProject section */
		783BEFD01AF1B0CD00CA655A /* Project object */ = {
			isa = PBXProject;
			attributes = {
				LastUpgradeCheck = 0630;
				ORGANIZATIONNAME = "Alexis Saint-Jean";
				TargetAttributes = {
					783BEFD71AF1B0CD00CA655A = {
						CreatedOnToolsVersion = 6.3;
						SystemCapabilities = {
							com.apple.Maps.iOS = {
								enabled = 1;
							};
						};
					};
					783BEFEF1AF1B0CD00CA655A = {
						CreatedOnToolsVersion = 6.3;
						TestTargetID = 783BEFD71AF1B0CD00CA655A;
					};
				};
			};
			buildConfigurationList = 783BEFD31AF1B0CD00CA655A /* Build configuration list for PBXProject "WaterFinderiOS" */;
			compatibilityVersion = "Xcode 3.2";
			developmentRegion = English;
			hasScannedForEncodings = 0;
			knownRegions = (
				en,
				Base,
			);
			mainGroup = 783BEFCF1AF1B0CD00CA655A;
			productRefGroup = 783BEFD91AF1B0CD00CA655A /* Products */;
			projectDirPath = "";
			projectRoot = "";
			targets = (
				783BEFD71AF1B0CD00CA655A /* WaterFinderiOS */,
				783BEFEF1AF1B0CD00CA655A /* WaterFinderiOSTests */,
			);
		};
/* End PBXProject section */

/* Begin PBXResourcesBuildPhase section */
		783BEFD61AF1B0CD00CA655A /* Resources */ = {
			isa = PBXResourcesBuildPhase;
			buildActionMask = 2147483647;
			files = (
				783BEFE61AF1B0CD00CA655A /* Main.storyboard in Resources */,
				783BEFEB1AF1B0CD00CA655A /* LaunchScreen.xib in Resources */,
				783BEFE81AF1B0CD00CA655A /* Images.xcassets in Resources */,
			);
			runOnlyForDeploymentPostprocessing = 0;
		};
		783BEFEE1AF1B0CD00CA655A /* Resources */ = {
			isa = PBXResourcesBuildPhase;
			buildActionMask = 2147483647;
			files = (
			);
			runOnlyForDeploymentPostprocessing = 0;
		};
/* End PBXResourcesBuildPhase section */

/* Begin PBXSourcesBuildPhase section */
		783BEFD41AF1B0CD00CA655A /* Sources */ = {
			isa = PBXSourcesBuildPhase;
			buildActionMask = 2147483647;
			files = (
				783BEFE31AF1B0CD00CA655A /* ViewController.swift in Sources */,
				783BEFDE1AF1B0CD00CA655A /* AppDelegate.swift in Sources */,
				783BEFE11AF1B0CD00CA655A /* WaterFinderiOS.xcdatamodeld in Sources */,
			);
			runOnlyForDeploymentPostprocessing = 0;
		};
		783BEFEC1AF1B0CD00CA655A /* Sources */ = {
			isa = PBXSourcesBuildPhase;
			buildActionMask = 2147483647;
			files = (
				783BEFF71AF1B0CD00CA655A /* WaterFinderiOSTests.swift in Sources */,
			);
			runOnlyForDeploymentPostprocessing = 0;
		};
/* End PBXSourcesBuildPhase section */

/* Begin PBXTargetDependency section */
		783BEFF21AF1B0CD00CA655A /* PBXTargetDependency */ = {
			isa = PBXTargetDependency;
			target = 783BEFD71AF1B0CD00CA655A /* WaterFinderiOS */;
			targetProxy = 783BEFF11AF1B0CD00CA655A /* PBXContainerItemProxy */;
		};
/* End PBXTargetDependency section */

/* Begin PBXVariantGroup section */
		783BEFE41AF1B0CD00CA655A /* Main.storyboard */ = {
			isa = PBXVariantGroup;
			children = (
				783BEFE51AF1B0CD00CA655A /* Base */,
			);
			name = Main.storyboard;
			sourceTree = "<group>";
		};
		783BEFE91AF1B0CD00CA655A /* LaunchScreen.xib */ = {
			isa = PBXVariantGroup;
			children = (
				783BEFEA1AF1B0CD00CA655A /* Base */,
			);
			name = LaunchScreen.xib;
			sourceTree = "<group>";
		};
/* End PBXVariantGroup section */

/* Begin XCBuildConfiguration section */
		783BEFF81AF1B0CD00CA655A /* Debug */ = {
			isa = XCBuildConfiguration;
			buildSettings = {
				ALWAYS_SEARCH_USER_PATHS = NO;
				CLANG_CXX_LANGUAGE_STANDARD = "gnu++0x";
				CLANG_CXX_LIBRARY = "libc++";
				CLANG_ENABLE_MODULES = YES;
				CLANG_ENABLE_OBJC_ARC = YES;
				CLANG_WARN_BOOL_CONVERSION = YES;
				CLANG_WARN_CONSTANT_CONVERSION = YES;
				CLANG_WARN_DIRECT_OBJC_ISA_USAGE = YES_ERROR;
				CLANG_WARN_EMPTY_BODY = YES;
				CLANG_WARN_ENUM_CONVERSION = YES;
				CLANG_WARN_INT_CONVERSION = YES;
				CLANG_WARN_OBJC_ROOT_CLASS = YES_ERROR;
				CLANG_WARN_UNREACHABLE_CODE = YES;
				CLANG_WARN__DUPLICATE_METHOD_MATCH = YES;
				"CODE_SIGN_IDENTITY[sdk=iphoneos*]" = "iPhone Developer";
				COPY_PHASE_STRIP = NO;
				DEBUG_INFORMATION_FORMAT = "dwarf-with-dsym";
				ENABLE_STRICT_OBJC_MSGSEND = YES;
				GCC_C_LANGUAGE_STANDARD = gnu99;
				GCC_DYNAMIC_NO_PIC = NO;
				GCC_NO_COMMON_BLOCKS = YES;
				GCC_OPTIMIZATION_LEVEL = 0;
				GCC_PREPROCESSOR_DEFINITIONS = (
					"DEBUG=1",
					"$(inherited)",
				);
				GCC_SYMBOLS_PRIVATE_EXTERN = NO;
				GCC_WARN_64_TO_32_BIT_CONVERSION = YES;
				GCC_WARN_ABOUT_RETURN_TYPE = YES_ERROR;
				GCC_WARN_UNDECLARED_SELECTOR = YES;
				GCC_WARN_UNINITIALIZED_AUTOS = YES_AGGRESSIVE;
				GCC_WARN_UNUSED_FUNCTION = YES;
				GCC_WARN_UNUSED_VARIABLE = YES;
				IPHONEOS_DEPLOYMENT_TARGET = 8.3;
				MTL_ENABLE_DEBUG_INFO = YES;
				ONLY_ACTIVE_ARCH = YES;
				SDKROOT = iphoneos;
				SWIFT_OPTIMIZATION_LEVEL = "-Onone";
			};
			name = Debug;
		};
		783BEFF91AF1B0CD00CA655A /* Release */ = {
			isa = XCBuildConfiguration;
			buildSettings = {
				ALWAYS_SEARCH_USER_PATHS = NO;
				CLANG_CXX_LANGUAGE_STANDARD = "gnu++0x";
				CLANG_CXX_LIBRARY = "libc++";
				CLANG_ENABLE_MODULES = YES;
				CLANG_ENABLE_OBJC_ARC = YES;
				CLANG_WARN_BOOL_CONVERSION = YES;
				CLANG_WARN_CONSTANT_CONVERSION = YES;
				CLANG_WARN_DIRECT_OBJC_ISA_USAGE = YES_ERROR;
				CLANG_WARN_EMPTY_BODY = YES;
				CLANG_WARN_ENUM_CONVERSION = YES;
				CLANG_WARN_INT_CONVERSION = YES;
				CLANG_WARN_OBJC_ROOT_CLASS = YES_ERROR;
				CLANG_WARN_UNREACHABLE_CODE = YES;
				CLANG_WARN__DUPLICATE_METHOD_MATCH = YES;
				"CODE_SIGN_IDENTITY[sdk=iphoneos*]" = "iPhone Developer";
				COPY_PHASE_STRIP = NO;
				DEBUG_INFORMATION_FORMAT = "dwarf-with-dsym";
				ENABLE_NS_ASSERTIONS = NO;
				ENABLE_STRICT_OBJC_MSGSEND = YES;
				GCC_C_LANGUAGE_STANDARD = gnu99;
				GCC_NO_COMMON_BLOCKS = YES;
				GCC_WARN_64_TO_32_BIT_CONVERSION = YES;
				GCC_WARN_ABOUT_RETURN_TYPE = YES_ERROR;
				GCC_WARN_UNDECLARED_SELECTOR = YES;
				GCC_WARN_UNINITIALIZED_AUTOS = YES_AGGRESSIVE;
				GCC_WARN_UNUSED_FUNCTION = YES;
				GCC_WARN_UNUSED_VARIABLE = YES;
				IPHONEOS_DEPLOYMENT_TARGET = 8.3;
				MTL_ENABLE_DEBUG_INFO = NO;
				SDKROOT = iphoneos;
				VALIDATE_PRODUCT = YES;
			};
			name = Release;
		};
		783BEFFB1AF1B0CD00CA655A /* Debug */ = {
			isa = XCBuildConfiguration;
			buildSettings = {
				ASSETCATALOG_COMPILER_APPICON_NAME = AppIcon;
				INFOPLIST_FILE = WaterFinderiOS/Info.plist;
				LD_RUNPATH_SEARCH_PATHS = "$(inherited) @executable_path/Frameworks";
				PRODUCT_NAME = "$(TARGET_NAME)";
			};
			name = Debug;
		};
		783BEFFC1AF1B0CD00CA655A /* Release */ = {
			isa = XCBuildConfiguration;
			buildSettings = {
				ASSETCATALOG_COMPILER_APPICON_NAME = AppIcon;
				INFOPLIST_FILE = WaterFinderiOS/Info.plist;
				LD_RUNPATH_SEARCH_PATHS = "$(inherited) @executable_path/Frameworks";
				PRODUCT_NAME = "$(TARGET_NAME)";
			};
			name = Release;
		};
		783BEFFE1AF1B0CD00CA655A /* Debug */ = {
			isa = XCBuildConfiguration;
			buildSettings = {
				BUNDLE_LOADER = "$(TEST_HOST)";
				FRAMEWORK_SEARCH_PATHS = (
					"$(SDKROOT)/Developer/Library/Frameworks",
					"$(inherited)",
				);
				GCC_PREPROCESSOR_DEFINITIONS = (
					"DEBUG=1",
					"$(inherited)",
				);
				INFOPLIST_FILE = WaterFinderiOSTests/Info.plist;
				LD_RUNPATH_SEARCH_PATHS = "$(inherited) @executable_path/Frameworks @loader_path/Frameworks";
				PRODUCT_NAME = "$(TARGET_NAME)";
				TEST_HOST = "$(BUILT_PRODUCTS_DIR)/WaterFinderiOS.app/WaterFinderiOS";
			};
			name = Debug;
		};
		783BEFFF1AF1B0CD00CA655A /* Release */ = {
			isa = XCBuildConfiguration;
			buildSettings = {
				BUNDLE_LOADER = "$(TEST_HOST)";
				FRAMEWORK_SEARCH_PATHS = (
					"$(SDKROOT)/Developer/Library/Frameworks",
					"$(inherited)",
				);
				INFOPLIST_FILE = WaterFinderiOSTests/Info.plist;
				LD_RUNPATH_SEARCH_PATHS = "$(inherited) @executable_path/Frameworks @loader_path/Frameworks";
				PRODUCT_NAME = "$(TARGET_NAME)";
				TEST_HOST = "$(BUILT_PRODUCTS_DIR)/WaterFinderiOS.app/WaterFinderiOS";
			};
			name = Release;
		};
/* End XCBuildConfiguration section */

/* Begin XCConfigurationList section */
		783BEFD31AF1B0CD00CA655A /* Build configuration list for PBXProject "WaterFinderiOS" */ = {
			isa = XCConfigurationList;
			buildConfigurations = (
				783BEFF81AF1B0CD00CA655A /* Debug */,
				783BEFF91AF1B0CD00CA655A /* Release */,
			);
			defaultConfigurationIsVisible = 0;
			defaultConfigurationName = Release;
		};
		783BEFFA1AF1B0CD00CA655A /* Build configuration list for PBXNativeTarget "WaterFinderiOS" */ = {
			isa = XCConfigurationList;
			buildConfigurations = (
				783BEFFB1AF1B0CD00CA655A /* Debug */,
				783BEFFC1AF1B0CD00CA655A /* Release */,
			);
			defaultConfigurationIsVisible = 0;
		};
		783BEFFD1AF1B0CD00CA655A /* Build configuration list for PBXNativeTarget "WaterFinderiOSTests" */ = {
			isa = XCConfigurationList;
			buildConfigurations = (
				783BEFFE1AF1B0CD00CA655A /* Debug */,
				783BEFFF1AF1B0CD00CA655A /* Release */,
			);
			defaultConfigurationIsVisible = 0;
		};
/* End XCConfigurationList section */

/* Begin XCVersionGroup section */
		783BEFDF1AF1B0CD00CA655A /* WaterFinderiOS.xcdatamodeld */ = {
			isa = XCVersionGroup;
			children = (
				783BEFE01AF1B0CD00CA655A /* WaterFinderiOS.xcdatamodel */,
			);
			currentVersion = 783BEFE01AF1B0CD00CA655A /* WaterFinderiOS.xcdatamodel */;
			path = WaterFinderiOS.xcdatamodeld;
			sourceTree = "<group>";
			versionGroupType = wrapper.xcdatamodel;
		};
/* End XCVersionGroup section */
	};
	rootObject = 783BEFD01AF1B0CD00CA655A /* Project object */;
}
